// !$*UTF8*$!
{
	archiveVersion = 1;
	classes = {
	};
	objectVersion = 46;
	objects = {

/* Begin PBXBuildFile section */
		04D317E318DD139400D82C86 /* LUBPersonTests.m in Sources */ = {isa = PBXBuildFile; fileRef = 04D317E218DD139400D82C86 /* LUBPersonTests.m */; };
		90DE455C18DC7289001733EB /* Foundation.framework in Frameworks */ = {isa = PBXBuildFile; fileRef = 90DE455B18DC7289001733EB /* Foundation.framework */; };
		90DE455E18DC7289001733EB /* CoreGraphics.framework in Frameworks */ = {isa = PBXBuildFile; fileRef = 90DE455D18DC7289001733EB /* CoreGraphics.framework */; };
		90DE456018DC7289001733EB /* UIKit.framework in Frameworks */ = {isa = PBXBuildFile; fileRef = 90DE455F18DC7289001733EB /* UIKit.framework */; };
		90DE456618DC7289001733EB /* InfoPlist.strings in Resources */ = {isa = PBXBuildFile; fileRef = 90DE456418DC7289001733EB /* InfoPlist.strings */; };
		90DE456818DC7289001733EB /* main.m in Sources */ = {isa = PBXBuildFile; fileRef = 90DE456718DC7289001733EB /* main.m */; };
		90DE456C18DC7289001733EB /* LUBAppDelegate.m in Sources */ = {isa = PBXBuildFile; fileRef = 90DE456B18DC7289001733EB /* LUBAppDelegate.m */; };
		90DE456F18DC7289001733EB /* Main.storyboard in Resources */ = {isa = PBXBuildFile; fileRef = 90DE456D18DC7289001733EB /* Main.storyboard */; };
		90DE457218DC7289001733EB /* LUBViewController.m in Sources */ = {isa = PBXBuildFile; fileRef = 90DE457118DC7289001733EB /* LUBViewController.m */; };
		90DE457418DC7289001733EB /* Images.xcassets in Resources */ = {isa = PBXBuildFile; fileRef = 90DE457318DC7289001733EB /* Images.xcassets */; };
		90DE457B18DC7289001733EB /* XCTest.framework in Frameworks */ = {isa = PBXBuildFile; fileRef = 90DE457A18DC7289001733EB /* XCTest.framework */; };
		90DE457C18DC7289001733EB /* Foundation.framework in Frameworks */ = {isa = PBXBuildFile; fileRef = 90DE455B18DC7289001733EB /* Foundation.framework */; };
		90DE457D18DC7289001733EB /* UIKit.framework in Frameworks */ = {isa = PBXBuildFile; fileRef = 90DE455F18DC7289001733EB /* UIKit.framework */; };
		90DE458518DC7289001733EB /* InfoPlist.strings in Resources */ = {isa = PBXBuildFile; fileRef = 90DE458318DC7289001733EB /* InfoPlist.strings */; };
		90DE459218DC729E001733EB /* LUBPerson.m in Sources */ = {isa = PBXBuildFile; fileRef = 90DE459118DC729E001733EB /* LUBPerson.m */; };
/* End PBXBuildFile section */

/* Begin PBXContainerItemProxy section */
		90DE457E18DC7289001733EB /* PBXContainerItemProxy */ = {
			isa = PBXContainerItemProxy;
			containerPortal = 90DE455018DC7289001733EB /* Project object */;
			proxyType = 1;
			remoteGlobalIDString = 90DE455718DC7289001733EB;
			remoteInfo = SecureCoding;
		};
/* End PBXContainerItemProxy section */

/* Begin PBXFileReference section */
		04D317E218DD139400D82C86 /* LUBPersonTests.m */ = {isa = PBXFileReference; fileEncoding = 4; lastKnownFileType = sourcecode.c.objc; path = LUBPersonTests.m; sourceTree = "<group>"; };
		90DE455818DC7289001733EB /* SecureCoding.app */ = {isa = PBXFileReference; explicitFileType = wrapper.application; includeInIndex = 0; path = SecureCoding.app; sourceTree = BUILT_PRODUCTS_DIR; };
		90DE455B18DC7289001733EB /* Foundation.framework */ = {isa = PBXFileReference; lastKnownFileType = wrapper.framework; name = Foundation.framework; path = System/Library/Frameworks/Foundation.framework; sourceTree = SDKROOT; };
		90DE455D18DC7289001733EB /* CoreGraphics.framework */ = {isa = PBXFileReference; lastKnownFileType = wrapper.framework; name = CoreGraphics.framework; path = System/Library/Frameworks/CoreGraphics.framework; sourceTree = SDKROOT; };
		90DE455F18DC7289001733EB /* UIKit.framework */ = {isa = PBXFileReference; lastKnownFileType = wrapper.framework; name = UIKit.framework; path = System/Library/Frameworks/UIKit.framework; sourceTree = SDKROOT; };
		90DE456318DC7289001733EB /* SecureCoding-Info.plist */ = {isa = PBXFileReference; lastKnownFileType = text.plist.xml; path = "SecureCoding-Info.plist"; sourceTree = "<group>"; };
		90DE456518DC7289001733EB /* en */ = {isa = PBXFileReference; lastKnownFileType = text.plist.strings; name = en; path = en.lproj/InfoPlist.strings; sourceTree = "<group>"; };
		90DE456718DC7289001733EB /* main.m */ = {isa = PBXFileReference; lastKnownFileType = sourcecode.c.objc; path = main.m; sourceTree = "<group>"; };
		90DE456918DC7289001733EB /* SecureCoding-Prefix.pch */ = {isa = PBXFileReference; lastKnownFileType = sourcecode.c.h; path = "SecureCoding-Prefix.pch"; sourceTree = "<group>"; };
		90DE456A18DC7289001733EB /* LUBAppDelegate.h */ = {isa = PBXFileReference; lastKnownFileType = sourcecode.c.h; path = LUBAppDelegate.h; sourceTree = "<group>"; };
		90DE456B18DC7289001733EB /* LUBAppDelegate.m */ = {isa = PBXFileReference; lastKnownFileType = sourcecode.c.objc; path = LUBAppDelegate.m; sourceTree = "<group>"; };
		90DE456E18DC7289001733EB /* Base */ = {isa = PBXFileReference; lastKnownFileType = file.storyboard; name = Base; path = Base.lproj/Main.storyboard; sourceTree = "<group>"; };
		90DE457018DC7289001733EB /* LUBViewController.h */ = {isa = PBXFileReference; lastKnownFileType = sourcecode.c.h; path = LUBViewController.h; sourceTree = "<group>"; };
		90DE457118DC7289001733EB /* LUBViewController.m */ = {isa = PBXFileReference; lastKnownFileType = sourcecode.c.objc; path = LUBViewController.m; sourceTree = "<group>"; };
		90DE457318DC7289001733EB /* Images.xcassets */ = {isa = PBXFileReference; lastKnownFileType = folder.assetcatalog; path = Images.xcassets; sourceTree = "<group>"; };
		90DE457918DC7289001733EB /* SecureCodingTests.xctest */ = {isa = PBXFileReference; explicitFileType = wrapper.cfbundle; includeInIndex = 0; path = SecureCodingTests.xctest; sourceTree = BUILT_PRODUCTS_DIR; };
		90DE457A18DC7289001733EB /* XCTest.framework */ = {isa = PBXFileReference; lastKnownFileType = wrapper.framework; name = XCTest.framework; path = Library/Frameworks/XCTest.framework; sourceTree = DEVELOPER_DIR; };
		90DE458218DC7289001733EB /* SecureCodingTests-Info.plist */ = {isa = PBXFileReference; lastKnownFileType = text.plist.xml; path = "SecureCodingTests-Info.plist"; sourceTree = "<group>"; };
		90DE458418DC7289001733EB /* en */ = {isa = PBXFileReference; lastKnownFileType = text.plist.strings; name = en; path = en.lproj/InfoPlist.strings; sourceTree = "<group>"; };
		90DE459018DC729E001733EB /* LUBPerson.h */ = {isa = PBXFileReference; fileEncoding = 4; lastKnownFileType = sourcecode.c.h; path = LUBPerson.h; sourceTree = "<group>"; };
		90DE459118DC729E001733EB /* LUBPerson.m */ = {isa = PBXFileReference; fileEncoding = 4; lastKnownFileType = sourcecode.c.objc; path = LUBPerson.m; sourceTree = "<group>"; };
/* End PBXFileReference section */

/* Begin PBXFrameworksBuildPhase section */
		90DE455518DC7289001733EB /* Frameworks */ = {
			isa = PBXFrameworksBuildPhase;
			buildActionMask = 2147483647;
			files = (
				90DE455E18DC7289001733EB /* CoreGraphics.framework in Frameworks */,
				90DE456018DC7289001733EB /* UIKit.framework in Frameworks */,
				90DE455C18DC7289001733EB /* Foundation.framework in Frameworks */,
			);
			runOnlyForDeploymentPostprocessing = 0;
		};
		90DE457618DC7289001733EB /* Frameworks */ = {
			isa = PBXFrameworksBuildPhase;
			buildActionMask = 2147483647;
			files = (
				90DE457B18DC7289001733EB /* XCTest.framework in Frameworks */,
				90DE457D18DC7289001733EB /* UIKit.framework in Frameworks */,
				90DE457C18DC7289001733EB /* Foundation.framework in Frameworks */,
			);
			runOnlyForDeploymentPostprocessing = 0;
		};
/* End PBXFrameworksBuildPhase section */

/* Begin PBXGroup section */
		90DE454F18DC7289001733EB = {
			isa = PBXGroup;
			children = (
				90DE456118DC7289001733EB /* SecureCoding */,
				90DE458018DC7289001733EB /* SecureCodingTests */,
				90DE455A18DC7289001733EB /* Frameworks */,
				90DE455918DC7289001733EB /* Products */,
			);
			sourceTree = "<group>";
		};
		90DE455918DC7289001733EB /* Products */ = {
			isa = PBXGroup;
			children = (
				90DE455818DC7289001733EB /* SecureCoding.app */,
				90DE457918DC7289001733EB /* SecureCodingTests.xctest */,
			);
			name = Products;
			sourceTree = "<group>";
		};
		90DE455A18DC7289001733EB /* Frameworks */ = {
			isa = PBXGroup;
			children = (
				90DE455B18DC7289001733EB /* Foundation.framework */,
				90DE455D18DC7289001733EB /* CoreGraphics.framework */,
				90DE455F18DC7289001733EB /* UIKit.framework */,
				90DE457A18DC7289001733EB /* XCTest.framework */,
			);
			name = Frameworks;
			sourceTree = "<group>";
		};
		90DE456118DC7289001733EB /* SecureCoding */ = {
			isa = PBXGroup;
			children = (
				90DE456A18DC7289001733EB /* LUBAppDelegate.h */,
				90DE456B18DC7289001733EB /* LUBAppDelegate.m */,
				90DE456D18DC7289001733EB /* Main.storyboard */,
				90DE457018DC7289001733EB /* LUBViewController.h */,
				90DE457118DC7289001733EB /* LUBViewController.m */,
				90DE459018DC729E001733EB /* LUBPerson.h */,
				90DE459118DC729E001733EB /* LUBPerson.m */,
				90DE457318DC7289001733EB /* Images.xcassets */,
				90DE456218DC7289001733EB /* Supporting Files */,
			);
			path = SecureCoding;
			sourceTree = "<group>";
		};
		90DE456218DC7289001733EB /* Supporting Files */ = {
			isa = PBXGroup;
			children = (
				90DE456318DC7289001733EB /* SecureCoding-Info.plist */,
				90DE456418DC7289001733EB /* InfoPlist.strings */,
				90DE456718DC7289001733EB /* main.m */,
				90DE456918DC7289001733EB /* SecureCoding-Prefix.pch */,
			);
			name = "Supporting Files";
			sourceTree = "<group>";
		};
		90DE458018DC7289001733EB /* SecureCodingTests */ = {
			isa = PBXGroup;
			children = (
				04D317E218DD139400D82C86 /* LUBPersonTests.m */,
				90DE458118DC7289001733EB /* Supporting Files */,
			);
			path = SecureCodingTests;
			sourceTree = "<group>";
		};
		90DE458118DC7289001733EB /* Supporting Files */ = {
			isa = PBXGroup;
			children = (
				90DE458218DC7289001733EB /* SecureCodingTests-Info.plist */,
				90DE458318DC7289001733EB /* InfoPlist.strings */,
			);
			name = "Supporting Files";
			sourceTree = "<group>";
		};
/* End PBXGroup section */

/* Begin PBXNativeTarget section */
		90DE455718DC7289001733EB /* SecureCoding */ = {
			isa = PBXNativeTarget;
			buildConfigurationList = 90DE458A18DC7289001733EB /* Build configuration list for PBXNativeTarget "SecureCoding" */;
			buildPhases = (
				90DE455418DC7289001733EB /* Sources */,
				90DE455518DC7289001733EB /* Frameworks */,
				90DE455618DC7289001733EB /* Resources */,
			);
			buildRules = (
			);
			dependencies = (
			);
			name = SecureCoding;
			productName = SecureCoding;
			productReference = 90DE455818DC7289001733EB /* SecureCoding.app */;
			productType = "com.apple.product-type.application";
		};
		90DE457818DC7289001733EB /* SecureCodingTests */ = {
			isa = PBXNativeTarget;
			buildConfigurationList = 90DE458D18DC7289001733EB /* Build configuration list for PBXNativeTarget "SecureCodingTests" */;
			buildPhases = (
				90DE457518DC7289001733EB /* Sources */,
				90DE457618DC7289001733EB /* Frameworks */,
				90DE457718DC7289001733EB /* Resources */,
			);
			buildRules = (
			);
			dependencies = (
				90DE457F18DC7289001733EB /* PBXTargetDependency */,
			);
			name = SecureCodingTests;
			productName = SecureCodingTests;
			productReference = 90DE457918DC7289001733EB /* SecureCodingTests.xctest */;
			productType = "com.apple.product-type.bundle.unit-test";
		};
/* End PBXNativeTarget section */

/* Begin PBXProject section */
		90DE455018DC7289001733EB /* Project object */ = {
			isa = PBXProject;
			attributes = {
				CLASSPREFIX = LUB;
				LastUpgradeCheck = 0510;
				ORGANIZATIONNAME = "Bryan Luby";
				TargetAttributes = {
					90DE457818DC7289001733EB = {
						TestTargetID = 90DE455718DC7289001733EB;
					};
				};
			};
			buildConfigurationList = 90DE455318DC7289001733EB /* Build configuration list for PBXProject "SecureCoding" */;
			compatibilityVersion = "Xcode 3.2";
			developmentRegion = English;
			hasScannedForEncodings = 0;
			knownRegions = (
				en,
				Base,
			);
			mainGroup = 90DE454F18DC7289001733EB;
			productRefGroup = 90DE455918DC7289001733EB /* Products */;
			projectDirPath = "";
			projectRoot = "";
			targets = (
				90DE455718DC7289001733EB /* SecureCoding */,
				90DE457818DC7289001733EB /* SecureCodingTests */,
			);
		};
/* End PBXProject section */

/* Begin PBXResourcesBuildPhase section */
		90DE455618DC7289001733EB /* Resources */ = {
			isa = PBXResourcesBuildPhase;
			buildActionMask = 2147483647;
			files = (
				90DE457418DC7289001733EB /* Images.xcassets in Resources */,
				90DE456618DC7289001733EB /* InfoPlist.strings in Resources */,
				90DE456F18DC7289001733EB /* Main.storyboard in Resources */,
			);
			runOnlyForDeploymentPostprocessing = 0;
		};
		90DE457718DC7289001733EB /* Resources */ = {
			isa = PBXResourcesBuildPhase;
			buildActionMask = 2147483647;
			files = (
				90DE458518DC7289001733EB /* InfoPlist.strings in Resources */,
			);
			runOnlyForDeploymentPostprocessing = 0;
		};
/* End PBXResourcesBuildPhase section */

/* Begin PBXSourcesBuildPhase section */
		90DE455418DC7289001733EB /* Sources */ = {
			isa = PBXSourcesBuildPhase;
			buildActionMask = 2147483647;
			files = (
				90DE459218DC729E001733EB /* LUBPerson.m in Sources */,
				90DE457218DC7289001733EB /* LUBViewController.m in Sources */,
				90DE456C18DC7289001733EB /* LUBAppDelegate.m in Sources */,
				90DE456818DC7289001733EB /* main.m in Sources */,
			);
			runOnlyForDeploymentPostprocessing = 0;
		};
		90DE457518DC7289001733EB /* Sources */ = {
			isa = PBXSourcesBuildPhase;
			buildActionMask = 2147483647;
			files = (
				04D317E318DD139400D82C86 /* LUBPersonTests.m in Sources */,
			);
			runOnlyForDeploymentPostprocessing = 0;
		};
/* End PBXSourcesBuildPhase section */

/* Begin PBXTargetDependency section */
		90DE457F18DC7289001733EB /* PBXTargetDependency */ = {
			isa = PBXTargetDependency;
			target = 90DE455718DC7289001733EB /* SecureCoding */;
			targetProxy = 90DE457E18DC7289001733EB /* PBXContainerItemProxy */;
		};
/* End PBXTargetDependency section */

/* Begin PBXVariantGroup section */
		90DE456418DC7289001733EB /* InfoPlist.strings */ = {
			isa = PBXVariantGroup;
			children = (
				90DE456518DC7289001733EB /* en */,
			);
			name = InfoPlist.strings;
			sourceTree = "<group>";
		};
		90DE456D18DC7289001733EB /* Main.storyboard */ = {
			isa = PBXVariantGroup;
			children = (
				90DE456E18DC7289001733EB /* Base */,
			);
			name = Main.storyboard;
			sourceTree = "<group>";
		};
		90DE458318DC7289001733EB /* InfoPlist.strings */ = {
			isa = PBXVariantGroup;
			children = (
				90DE458418DC7289001733EB /* en */,
			);
			name = InfoPlist.strings;
			sourceTree = "<group>";
		};
/* End PBXVariantGroup section */

/* Begin XCBuildConfiguration section */
		90DE458818DC7289001733EB /* Debug */ = {
			isa = XCBuildConfiguration;
			buildSettings = {
				ALWAYS_SEARCH_USER_PATHS = NO;
				CLANG_CXX_LANGUAGE_STANDARD = "gnu++0x";
				CLANG_CXX_LIBRARY = "libc++";
				CLANG_ENABLE_MODULES = YES;
				CLANG_ENABLE_OBJC_ARC = YES;
				CLANG_WARN_BOOL_CONVERSION = YES;
				CLANG_WARN_CONSTANT_CONVERSION = YES;
				CLANG_WARN_DIRECT_OBJC_ISA_USAGE = YES_ERROR;
				CLANG_WARN_EMPTY_BODY = YES;
				CLANG_WARN_ENUM_CONVERSION = YES;
				CLANG_WARN_INT_CONVERSION = YES;
				CLANG_WARN_OBJC_ROOT_CLASS = YES_ERROR;
				CLANG_WARN__DUPLICATE_METHOD_MATCH = YES;
				"CODE_SIGN_IDENTITY[sdk=iphoneos*]" = "iPhone Developer";
				COPY_PHASE_STRIP = NO;
				GCC_C_LANGUAGE_STANDARD = gnu99;
				GCC_DYNAMIC_NO_PIC = NO;
				GCC_OPTIMIZATION_LEVEL = 0;
				GCC_PREPROCESSOR_DEFINITIONS = (
					"DEBUG=1",
					"$(inherited)",
				);
				GCC_SYMBOLS_PRIVATE_EXTERN = NO;
				GCC_WARN_64_TO_32_BIT_CONVERSION = YES;
				GCC_WARN_ABOUT_RETURN_TYPE = YES_ERROR;
				GCC_WARN_UNDECLARED_SELECTOR = YES;
				GCC_WARN_UNINITIALIZED_AUTOS = YES_AGGRESSIVE;
				GCC_WARN_UNUSED_FUNCTION = YES;
				GCC_WARN_UNUSED_VARIABLE = YES;
				IPHONEOS_DEPLOYMENT_TARGET = 7.1;
				ONLY_ACTIVE_ARCH = YES;
				SDKROOT = iphoneos;
			};
			name = Debug;
		};
		90DE458918DC7289001733EB /* Release */ = {
			isa = XCBuildConfiguration;
			buildSettings = {
				ALWAYS_SEARCH_USER_PATHS = NO;
				CLANG_CXX_LANGUAGE_STANDARD = "gnu++0x";
				CLANG_CXX_LIBRARY = "libc++";
				CLANG_ENABLE_MODULES = YES;
				CLANG_ENABLE_OBJC_ARC = YES;
				CLANG_WARN_BOOL_CONVERSION = YES;
				CLANG_WARN_CONSTANT_CONVERSION = YES;
				CLANG_WARN_DIRECT_OBJC_ISA_USAGE = YES_ERROR;
				CLANG_WARN_EMPTY_BODY = YES;
				CLANG_WARN_ENUM_CONVERSION = YES;
				CLANG_WARN_INT_CONVERSION = YES;
				CLANG_WARN_OBJC_ROOT_CLASS = YES_ERROR;
				CLANG_WARN__DUPLICATE_METHOD_MATCH = YES;
				"CODE_SIGN_IDENTITY[sdk=iphoneos*]" = "iPhone Developer";
				COPY_PHASE_STRIP = YES;
				ENABLE_NS_ASSERTIONS = NO;
				GCC_C_LANGUAGE_STANDARD = gnu99;
				GCC_WARN_64_TO_32_BIT_CONVERSION = YES;
				GCC_WARN_ABOUT_RETURN_TYPE = YES_ERROR;
				GCC_WARN_UNDECLARED_SELECTOR = YES;
				GCC_WARN_UNINITIALIZED_AUTOS = YES_AGGRESSIVE;
				GCC_WARN_UNUSED_FUNCTION = YES;
				GCC_WARN_UNUSED_VARIABLE = YES;
				IPHONEOS_DEPLOYMENT_TARGET = 7.1;
				SDKROOT = iphoneos;
				VALIDATE_PRODUCT = YES;
			};
			name = Release;
		};
		90DE458B18DC7289001733EB /* Debug */ = {
			isa = XCBuildConfiguration;
			buildSettings = {
				ASSETCATALOG_COMPILER_APPICON_NAME = AppIcon;
				ASSETCATALOG_COMPILER_LAUNCHIMAGE_NAME = LaunchImage;
				GCC_PRECOMPILE_PREFIX_HEADER = YES;
				GCC_PREFIX_HEADER = "SecureCoding/SecureCoding-Prefix.pch";
				INFOPLIST_FILE = "SecureCoding/SecureCoding-Info.plist";
				PRODUCT_NAME = "$(TARGET_NAME)";
				WRAPPER_EXTENSION = app;
			};
			name = Debug;
		};
		90DE458C18DC7289001733EB /* Release */ = {
			isa = XCBuildConfiguration;
			buildSettings = {
				ASSETCATALOG_COMPILER_APPICON_NAME = AppIcon;
				ASSETCATALOG_COMPILER_LAUNCHIMAGE_NAME = LaunchImage;
				GCC_PRECOMPILE_PREFIX_HEADER = YES;
				GCC_PREFIX_HEADER = "SecureCoding/SecureCoding-Prefix.pch";
				INFOPLIST_FILE = "SecureCoding/SecureCoding-Info.plist";
				PRODUCT_NAME = "$(TARGET_NAME)";
				WRAPPER_EXTENSION = app;
			};
			name = Release;
		};
		90DE458E18DC7289001733EB /* Debug */ = {
			isa = XCBuildConfiguration;
			buildSettings = {
				BUNDLE_LOADER = "$(BUILT_PRODUCTS_DIR)/SecureCoding.app/SecureCoding";
				FRAMEWORK_SEARCH_PATHS = (
					"$(SDKROOT)/Developer/Library/Frameworks",
					"$(inherited)",
					"$(DEVELOPER_FRAMEWORKS_DIR)",
				);
				GCC_PRECOMPILE_PREFIX_HEADER = YES;
				GCC_PREFIX_HEADER = "SecureCoding/SecureCoding-Prefix.pch";
				GCC_PREPROCESSOR_DEFINITIONS = (
					"DEBUG=1",
					"$(inherited)",
				);
				INFOPLIST_FILE = "SecureCodingTests/SecureCodingTests-Info.plist";
				PRODUCT_NAME = "$(TARGET_NAME)";
				TEST_HOST = "$(BUNDLE_LOADER)";
				WRAPPER_EXTENSION = xctest;
			};
			name = Debug;
		};
		90DE458F18DC7289001733EB /* Release */ = {
			isa = XCBuildConfiguration;
			buildSettings = {
				BUNDLE_LOADER = "$(BUILT_PRODUCTS_DIR)/SecureCoding.app/SecureCoding";
				FRAMEWORK_SEARCH_PATHS = (
					"$(SDKROOT)/Developer/Library/Frameworks",
					"$(inherited)",
					"$(DEVELOPER_FRAMEWORKS_DIR)",
				);
				GCC_PRECOMPILE_PREFIX_HEADER = YES;
				GCC_PREFIX_HEADER = "SecureCoding/SecureCoding-Prefix.pch";
				INFOPLIST_FILE = "SecureCodingTests/SecureCodingTests-Info.plist";
				PRODUCT_NAME = "$(TARGET_NAME)";
				TEST_HOST = "$(BUNDLE_LOADER)";
				WRAPPER_EXTENSION = xctest;
			};
			name = Release;
		};
/* End XCBuildConfiguration section */

/* Begin XCConfigurationList section */
		90DE455318DC7289001733EB /* Build configuration list for PBXProject "SecureCoding" */ = {
			isa = XCConfigurationList;
			buildConfigurations = (
				90DE458818DC7289001733EB /* Debug */,
				90DE458918DC7289001733EB /* Release */,
			);
			defaultConfigurationIsVisible = 0;
			defaultConfigurationName = Release;
		};
		90DE458A18DC7289001733EB /* Build configuration list for PBXNativeTarget "SecureCoding" */ = {
			isa = XCConfigurationList;
			buildConfigurations = (
				90DE458B18DC7289001733EB /* Debug */,
				90DE458C18DC7289001733EB /* Release */,
			);
			defaultConfigurationIsVisible = 0;
			defaultConfigurationName = Release;
		};
		90DE458D18DC7289001733EB /* Build configuration list for PBXNativeTarget "SecureCodingTests" */ = {
			isa = XCConfigurationList;
			buildConfigurations = (
				90DE458E18DC7289001733EB /* Debug */,
				90DE458F18DC7289001733EB /* Release */,
			);
			defaultConfigurationIsVisible = 0;
			defaultConfigurationName = Release;
		};
/* End XCConfigurationList section */
	};
	rootObject = 90DE455018DC7289001733EB /* Project object */;
}
