// !$*UTF8*$!
{
	archiveVersion = 1;
	classes = {
	};
	objectVersion = 46;
	objects = {

/* Begin PBXBuildFile section */
		90DC12BC1A59F04200D25C5D /* AppDelegate.m in Sources */ = {isa = PBXBuildFile; fileRef = 90DC12BB1A59F04200D25C5D /* AppDelegate.m */; };
		90DC12BE1A59F04200D25C5D /* main.m in Sources */ = {isa = PBXBuildFile; fileRef = 90DC12BD1A59F04200D25C5D /* main.m */; };
		90DC12C11A59F04200D25C5D /* ViewController.m in Sources */ = {isa = PBXBuildFile; fileRef = 90DC12C01A59F04200D25C5D /* ViewController.m */; };
		90DC12C31A59F04200D25C5D /* Images.xcassets in Resources */ = {isa = PBXBuildFile; fileRef = 90DC12C21A59F04200D25C5D /* Images.xcassets */; };
		90DC12C61A59F04200D25C5D /* Main.storyboard in Resources */ = {isa = PBXBuildFile; fileRef = 90DC12C41A59F04200D25C5D /* Main.storyboard */; };
		90DC12D21A59F04200D25C5D /* GlobalKeyEventsTests.m in Sources */ = {isa = PBXBuildFile; fileRef = 90DC12D11A59F04200D25C5D /* GlobalKeyEventsTests.m */; };
/* End PBXBuildFile section */

/* Begin PBXContainerItemProxy section */
		90DC12CC1A59F04200D25C5D /* PBXContainerItemProxy */ = {
			isa = PBXContainerItemProxy;
			containerPortal = 90DC12AD1A59F04200D25C5D /* Project object */;
			proxyType = 1;
			remoteGlobalIDString = 90DC12B41A59F04200D25C5D;
			remoteInfo = GlobalKeyEvents;
		};
/* End PBXContainerItemProxy section */

/* Begin PBXFileReference section */
		90DC12B51A59F04200D25C5D /* GlobalKeyEvents.app */ = {isa = PBXFileReference; explicitFileType = wrapper.application; includeInIndex = 0; path = GlobalKeyEvents.app; sourceTree = BUILT_PRODUCTS_DIR; };
		90DC12B91A59F04200D25C5D /* Info.plist */ = {isa = PBXFileReference; lastKnownFileType = text.plist.xml; path = Info.plist; sourceTree = "<group>"; };
		90DC12BA1A59F04200D25C5D /* AppDelegate.h */ = {isa = PBXFileReference; lastKnownFileType = sourcecode.c.h; path = AppDelegate.h; sourceTree = "<group>"; };
		90DC12BB1A59F04200D25C5D /* AppDelegate.m */ = {isa = PBXFileReference; lastKnownFileType = sourcecode.c.objc; path = AppDelegate.m; sourceTree = "<group>"; };
		90DC12BD1A59F04200D25C5D /* main.m */ = {isa = PBXFileReference; lastKnownFileType = sourcecode.c.objc; path = main.m; sourceTree = "<group>"; };
		90DC12BF1A59F04200D25C5D /* ViewController.h */ = {isa = PBXFileReference; lastKnownFileType = sourcecode.c.h; path = ViewController.h; sourceTree = "<group>"; };
		90DC12C01A59F04200D25C5D /* ViewController.m */ = {isa = PBXFileReference; lastKnownFileType = sourcecode.c.objc; path = ViewController.m; sourceTree = "<group>"; };
		90DC12C21A59F04200D25C5D /* Images.xcassets */ = {isa = PBXFileReference; lastKnownFileType = folder.assetcatalog; path = Images.xcassets; sourceTree = "<group>"; };
		90DC12C51A59F04200D25C5D /* Base */ = {isa = PBXFileReference; lastKnownFileType = file.storyboard; name = Base; path = Base.lproj/Main.storyboard; sourceTree = "<group>"; };
		90DC12CB1A59F04200D25C5D /* GlobalKeyEventsTests.xctest */ = {isa = PBXFileReference; explicitFileType = wrapper.cfbundle; includeInIndex = 0; path = GlobalKeyEventsTests.xctest; sourceTree = BUILT_PRODUCTS_DIR; };
		90DC12D01A59F04200D25C5D /* Info.plist */ = {isa = PBXFileReference; lastKnownFileType = text.plist.xml; path = Info.plist; sourceTree = "<group>"; };
		90DC12D11A59F04200D25C5D /* GlobalKeyEventsTests.m */ = {isa = PBXFileReference; lastKnownFileType = sourcecode.c.objc; path = GlobalKeyEventsTests.m; sourceTree = "<group>"; };
/* End PBXFileReference section */

/* Begin PBXFrameworksBuildPhase section */
		90DC12B21A59F04200D25C5D /* Frameworks */ = {
			isa = PBXFrameworksBuildPhase;
			buildActionMask = 2147483647;
			files = (
			);
			runOnlyForDeploymentPostprocessing = 0;
		};
		90DC12C81A59F04200D25C5D /* Frameworks */ = {
			isa = PBXFrameworksBuildPhase;
			buildActionMask = 2147483647;
			files = (
			);
			runOnlyForDeploymentPostprocessing = 0;
		};
/* End PBXFrameworksBuildPhase section */

/* Begin PBXGroup section */
		90DC12AC1A59F04200D25C5D = {
			isa = PBXGroup;
			children = (
				90DC12B71A59F04200D25C5D /* GlobalKeyEvents */,
				90DC12CE1A59F04200D25C5D /* GlobalKeyEventsTests */,
				90DC12B61A59F04200D25C5D /* Products */,
			);
			sourceTree = "<group>";
		};
		90DC12B61A59F04200D25C5D /* Products */ = {
			isa = PBXGroup;
			children = (
				90DC12B51A59F04200D25C5D /* GlobalKeyEvents.app */,
				90DC12CB1A59F04200D25C5D /* GlobalKeyEventsTests.xctest */,
			);
			name = Products;
			sourceTree = "<group>";
		};
		90DC12B71A59F04200D25C5D /* GlobalKeyEvents */ = {
			isa = PBXGroup;
			children = (
				90DC12BA1A59F04200D25C5D /* AppDelegate.h */,
				90DC12BB1A59F04200D25C5D /* AppDelegate.m */,
				90DC12BF1A59F04200D25C5D /* ViewController.h */,
				90DC12C01A59F04200D25C5D /* ViewController.m */,
				90DC12C21A59F04200D25C5D /* Images.xcassets */,
				90DC12C41A59F04200D25C5D /* Main.storyboard */,
				90DC12B81A59F04200D25C5D /* Supporting Files */,
			);
			path = GlobalKeyEvents;
			sourceTree = "<group>";
		};
		90DC12B81A59F04200D25C5D /* Supporting Files */ = {
			isa = PBXGroup;
			children = (
				90DC12B91A59F04200D25C5D /* Info.plist */,
				90DC12BD1A59F04200D25C5D /* main.m */,
			);
			name = "Supporting Files";
			sourceTree = "<group>";
		};
		90DC12CE1A59F04200D25C5D /* GlobalKeyEventsTests */ = {
			isa = PBXGroup;
			children = (
				90DC12D11A59F04200D25C5D /* GlobalKeyEventsTests.m */,
				90DC12CF1A59F04200D25C5D /* Supporting Files */,
			);
			path = GlobalKeyEventsTests;
			sourceTree = "<group>";
		};
		90DC12CF1A59F04200D25C5D /* Supporting Files */ = {
			isa = PBXGroup;
			children = (
				90DC12D01A59F04200D25C5D /* Info.plist */,
			);
			name = "Supporting Files";
			sourceTree = "<group>";
		};
/* End PBXGroup section */

/* Begin PBXNativeTarget section */
		90DC12B41A59F04200D25C5D /* GlobalKeyEvents */ = {
			isa = PBXNativeTarget;
			buildConfigurationList = 90DC12D51A59F04200D25C5D /* Build configuration list for PBXNativeTarget "GlobalKeyEvents" */;
			buildPhases = (
				90DC12B11A59F04200D25C5D /* Sources */,
				90DC12B21A59F04200D25C5D /* Frameworks */,
				90DC12B31A59F04200D25C5D /* Resources */,
			);
			buildRules = (
			);
			dependencies = (
			);
			name = GlobalKeyEvents;
			productName = GlobalKeyEvents;
			productReference = 90DC12B51A59F04200D25C5D /* GlobalKeyEvents.app */;
			productType = "com.apple.product-type.application";
		};
		90DC12CA1A59F04200D25C5D /* GlobalKeyEventsTests */ = {
			isa = PBXNativeTarget;
			buildConfigurationList = 90DC12D81A59F04200D25C5D /* Build configuration list for PBXNativeTarget "GlobalKeyEventsTests" */;
			buildPhases = (
				90DC12C71A59F04200D25C5D /* Sources */,
				90DC12C81A59F04200D25C5D /* Frameworks */,
				90DC12C91A59F04200D25C5D /* Resources */,
			);
			buildRules = (
			);
			dependencies = (
				90DC12CD1A59F04200D25C5D /* PBXTargetDependency */,
			);
			name = GlobalKeyEventsTests;
			productName = GlobalKeyEventsTests;
			productReference = 90DC12CB1A59F04200D25C5D /* GlobalKeyEventsTests.xctest */;
			productType = "com.apple.product-type.bundle.unit-test";
		};
/* End PBXNativeTarget section */

/* Begin PBXProject section */
		90DC12AD1A59F04200D25C5D /* Project object */ = {
			isa = PBXProject;
			attributes = {
				LastUpgradeCheck = 0610;
				ORGANIZATIONNAME = "Bryan Luby";
				TargetAttributes = {
					90DC12B41A59F04200D25C5D = {
						CreatedOnToolsVersion = 6.1.1;
					};
					90DC12CA1A59F04200D25C5D = {
						CreatedOnToolsVersion = 6.1.1;
						TestTargetID = 90DC12B41A59F04200D25C5D;
					};
				};
			};
			buildConfigurationList = 90DC12B01A59F04200D25C5D /* Build configuration list for PBXProject "GlobalKeyEvents" */;
			compatibilityVersion = "Xcode 3.2";
			developmentRegion = English;
			hasScannedForEncodings = 0;
			knownRegions = (
				en,
				Base,
			);
			mainGroup = 90DC12AC1A59F04200D25C5D;
			productRefGroup = 90DC12B61A59F04200D25C5D /* Products */;
			projectDirPath = "";
			projectRoot = "";
			targets = (
				90DC12B41A59F04200D25C5D /* GlobalKeyEvents */,
				90DC12CA1A59F04200D25C5D /* GlobalKeyEventsTests */,
			);
		};
/* End PBXProject section */

/* Begin PBXResourcesBuildPhase section */
		90DC12B31A59F04200D25C5D /* Resources */ = {
			isa = PBXResourcesBuildPhase;
			buildActionMask = 2147483647;
			files = (
				90DC12C31A59F04200D25C5D /* Images.xcassets in Resources */,
				90DC12C61A59F04200D25C5D /* Main.storyboard in Resources */,
			);
			runOnlyForDeploymentPostprocessing = 0;
		};
		90DC12C91A59F04200D25C5D /* Resources */ = {
			isa = PBXResourcesBuildPhase;
			buildActionMask = 2147483647;
			files = (
			);
			runOnlyForDeploymentPostprocessing = 0;
		};
/* End PBXResourcesBuildPhase section */

/* Begin PBXSourcesBuildPhase section */
		90DC12B11A59F04200D25C5D /* Sources */ = {
			isa = PBXSourcesBuildPhase;
			buildActionMask = 2147483647;
			files = (
				90DC12C11A59F04200D25C5D /* ViewController.m in Sources */,
				90DC12BE1A59F04200D25C5D /* main.m in Sources */,
				90DC12BC1A59F04200D25C5D /* AppDelegate.m in Sources */,
			);
			runOnlyForDeploymentPostprocessing = 0;
		};
		90DC12C71A59F04200D25C5D /* Sources */ = {
			isa = PBXSourcesBuildPhase;
			buildActionMask = 2147483647;
			files = (
				90DC12D21A59F04200D25C5D /* GlobalKeyEventsTests.m in Sources */,
			);
			runOnlyForDeploymentPostprocessing = 0;
		};
/* End PBXSourcesBuildPhase section */

/* Begin PBXTargetDependency section */
		90DC12CD1A59F04200D25C5D /* PBXTargetDependency */ = {
			isa = PBXTargetDependency;
			target = 90DC12B41A59F04200D25C5D /* GlobalKeyEvents */;
			targetProxy = 90DC12CC1A59F04200D25C5D /* PBXContainerItemProxy */;
		};
/* End PBXTargetDependency section */

/* Begin PBXVariantGroup section */
		90DC12C41A59F04200D25C5D /* Main.storyboard */ = {
			isa = PBXVariantGroup;
			children = (
				90DC12C51A59F04200D25C5D /* Base */,
			);
			name = Main.storyboard;
			sourceTree = "<group>";
		};
/* End PBXVariantGroup section */

/* Begin XCBuildConfiguration section */
		90DC12D31A59F04200D25C5D /* Debug */ = {
			isa = XCBuildConfiguration;
			buildSettings = {
				ALWAYS_SEARCH_USER_PATHS = NO;
				CLANG_CXX_LANGUAGE_STANDARD = "gnu++0x";
				CLANG_CXX_LIBRARY = "libc++";
				CLANG_ENABLE_MODULES = YES;
				CLANG_ENABLE_OBJC_ARC = YES;
				CLANG_WARN_BOOL_CONVERSION = YES;
				CLANG_WARN_CONSTANT_CONVERSION = YES;
				CLANG_WARN_DIRECT_OBJC_ISA_USAGE = YES_ERROR;
				CLANG_WARN_EMPTY_BODY = YES;
				CLANG_WARN_ENUM_CONVERSION = YES;
				CLANG_WARN_INT_CONVERSION = YES;
				CLANG_WARN_OBJC_ROOT_CLASS = YES_ERROR;
				CLANG_WARN_UNREACHABLE_CODE = YES;
				CLANG_WARN__DUPLICATE_METHOD_MATCH = YES;
				CODE_SIGN_IDENTITY = "-";
				COPY_PHASE_STRIP = NO;
				ENABLE_STRICT_OBJC_MSGSEND = YES;
				GCC_C_LANGUAGE_STANDARD = gnu99;
				GCC_DYNAMIC_NO_PIC = NO;
				GCC_OPTIMIZATION_LEVEL = 0;
				GCC_PREPROCESSOR_DEFINITIONS = (
					"DEBUG=1",
					"$(inherited)",
				);
				GCC_SYMBOLS_PRIVATE_EXTERN = NO;
				GCC_WARN_64_TO_32_BIT_CONVERSION = YES;
				GCC_WARN_ABOUT_RETURN_TYPE = YES_ERROR;
				GCC_WARN_UNDECLARED_SELECTOR = YES;
				GCC_WARN_UNINITIALIZED_AUTOS = YES_AGGRESSIVE;
				GCC_WARN_UNUSED_FUNCTION = YES;
				GCC_WARN_UNUSED_VARIABLE = YES;
				MACOSX_DEPLOYMENT_TARGET = 10.10;
				MTL_ENABLE_DEBUG_INFO = YES;
				ONLY_ACTIVE_ARCH = YES;
				SDKROOT = macosx;
			};
			name = Debug;
		};
		90DC12D41A59F04200D25C5D /* Release */ = {
			isa = XCBuildConfiguration;
			buildSettings = {
				ALWAYS_SEARCH_USER_PATHS = NO;
				CLANG_CXX_LANGUAGE_STANDARD = "gnu++0x";
				CLANG_CXX_LIBRARY = "libc++";
				CLANG_ENABLE_MODULES = YES;
				CLANG_ENABLE_OBJC_ARC = YES;
				CLANG_WARN_BOOL_CONVERSION = YES;
				CLANG_WARN_CONSTANT_CONVERSION = YES;
				CLANG_WARN_DIRECT_OBJC_ISA_USAGE = YES_ERROR;
				CLANG_WARN_EMPTY_BODY = YES;
				CLANG_WARN_ENUM_CONVERSION = YES;
				CLANG_WARN_INT_CONVERSION = YES;
				CLANG_WARN_OBJC_ROOT_CLASS = YES_ERROR;
				CLANG_WARN_UNREACHABLE_CODE = YES;
				CLANG_WARN__DUPLICATE_METHOD_MATCH = YES;
				CODE_SIGN_IDENTITY = "-";
				COPY_PHASE_STRIP = YES;
				DEBUG_INFORMATION_FORMAT = "dwarf-with-dsym";
				ENABLE_NS_ASSERTIONS = NO;
				ENABLE_STRICT_OBJC_MSGSEND = YES;
				GCC_C_LANGUAGE_STANDARD = gnu99;
				GCC_WARN_64_TO_32_BIT_CONVERSION = YES;
				GCC_WARN_ABOUT_RETURN_TYPE = YES_ERROR;
				GCC_WARN_UNDECLARED_SELECTOR = YES;
				GCC_WARN_UNINITIALIZED_AUTOS = YES_AGGRESSIVE;
				GCC_WARN_UNUSED_FUNCTION = YES;
				GCC_WARN_UNUSED_VARIABLE = YES;
				MACOSX_DEPLOYMENT_TARGET = 10.10;
				MTL_ENABLE_DEBUG_INFO = NO;
				SDKROOT = macosx;
			};
			name = Release;
		};
		90DC12D61A59F04200D25C5D /* Debug */ = {
			isa = XCBuildConfiguration;
			buildSettings = {
				ASSETCATALOG_COMPILER_APPICON_NAME = AppIcon;
				COMBINE_HIDPI_IMAGES = YES;
				INFOPLIST_FILE = GlobalKeyEvents/Info.plist;
				LD_RUNPATH_SEARCH_PATHS = "$(inherited) @executable_path/../Frameworks";
				PRODUCT_NAME = "$(TARGET_NAME)";
			};
			name = Debug;
		};
		90DC12D71A59F04200D25C5D /* Release */ = {
			isa = XCBuildConfiguration;
			buildSettings = {
				ASSETCATALOG_COMPILER_APPICON_NAME = AppIcon;
				COMBINE_HIDPI_IMAGES = YES;
				INFOPLIST_FILE = GlobalKeyEvents/Info.plist;
				LD_RUNPATH_SEARCH_PATHS = "$(inherited) @executable_path/../Frameworks";
				PRODUCT_NAME = "$(TARGET_NAME)";
			};
			name = Release;
		};
		90DC12D91A59F04200D25C5D /* Debug */ = {
			isa = XCBuildConfiguration;
			buildSettings = {
				BUNDLE_LOADER = "$(TEST_HOST)";
				COMBINE_HIDPI_IMAGES = YES;
				FRAMEWORK_SEARCH_PATHS = (
					"$(DEVELOPER_FRAMEWORKS_DIR)",
					"$(inherited)",
				);
				GCC_PREPROCESSOR_DEFINITIONS = (
					"DEBUG=1",
					"$(inherited)",
				);
				INFOPLIST_FILE = GlobalKeyEventsTests/Info.plist;
				LD_RUNPATH_SEARCH_PATHS = "$(inherited) @executable_path/../Frameworks @loader_path/../Frameworks";
				PRODUCT_NAME = "$(TARGET_NAME)";
				TEST_HOST = "$(BUILT_PRODUCTS_DIR)/GlobalKeyEvents.app/Contents/MacOS/GlobalKeyEvents";
			};
			name = Debug;
		};
		90DC12DA1A59F04200D25C5D /* Release */ = {
			isa = XCBuildConfiguration;
			buildSettings = {
				BUNDLE_LOADER = "$(TEST_HOST)";
				COMBINE_HIDPI_IMAGES = YES;
				FRAMEWORK_SEARCH_PATHS = (
					"$(DEVELOPER_FRAMEWORKS_DIR)",
					"$(inherited)",
				);
				INFOPLIST_FILE = GlobalKeyEventsTests/Info.plist;
				LD_RUNPATH_SEARCH_PATHS = "$(inherited) @executable_path/../Frameworks @loader_path/../Frameworks";
				PRODUCT_NAME = "$(TARGET_NAME)";
				TEST_HOST = "$(BUILT_PRODUCTS_DIR)/GlobalKeyEvents.app/Contents/MacOS/GlobalKeyEvents";
			};
			name = Release;
		};
/* End XCBuildConfiguration section */

/* Begin XCConfigurationList section */
		90DC12B01A59F04200D25C5D /* Build configuration list for PBXProject "GlobalKeyEvents" */ = {
			isa = XCConfigurationList;
			buildConfigurations = (
				90DC12D31A59F04200D25C5D /* Debug */,
				90DC12D41A59F04200D25C5D /* Release */,
			);
			defaultConfigurationIsVisible = 0;
			defaultConfigurationName = Release;
		};
		90DC12D51A59F04200D25C5D /* Build configuration list for PBXNativeTarget "GlobalKeyEvents" */ = {
			isa = XCConfigurationList;
			buildConfigurations = (
				90DC12D61A59F04200D25C5D /* Debug */,
				90DC12D71A59F04200D25C5D /* Release */,
			);
			defaultConfigurationIsVisible = 0;
		};
		90DC12D81A59F04200D25C5D /* Build configuration list for PBXNativeTarget "GlobalKeyEventsTests" */ = {
			isa = XCConfigurationList;
			buildConfigurations = (
				90DC12D91A59F04200D25C5D /* Debug */,
				90DC12DA1A59F04200D25C5D /* Release */,
			);
			defaultConfigurationIsVisible = 0;
		};
/* End XCConfigurationList section */
	};
	rootObject = 90DC12AD1A59F04200D25C5D /* Project object */;
}
