// !$*UTF8*$!
{
	archiveVersion = 1;
	classes = {
	};
	objectVersion = 46;
	objects = {

/* Begin PBXBuildFile section */
		90A47A5C19112E2600535504 /* Foundation.framework in Frameworks */ = {isa = PBXBuildFile; fileRef = 90A47A5B19112E2600535504 /* Foundation.framework */; };
		90A47A5E19112E2600535504 /* CoreGraphics.framework in Frameworks */ = {isa = PBXBuildFile; fileRef = 90A47A5D19112E2600535504 /* CoreGraphics.framework */; };
		90A47A6019112E2600535504 /* UIKit.framework in Frameworks */ = {isa = PBXBuildFile; fileRef = 90A47A5F19112E2600535504 /* UIKit.framework */; };
		90A47A6619112E2600535504 /* InfoPlist.strings in Resources */ = {isa = PBXBuildFile; fileRef = 90A47A6419112E2600535504 /* InfoPlist.strings */; };
		90A47A6819112E2600535504 /* main.m in Sources */ = {isa = PBXBuildFile; fileRef = 90A47A6719112E2600535504 /* main.m */; };
		90A47A6C19112E2600535504 /* LUBAppDelegate.m in Sources */ = {isa = PBXBuildFile; fileRef = 90A47A6B19112E2600535504 /* LUBAppDelegate.m */; };
		90A47A6E19112E2600535504 /* Images.xcassets in Resources */ = {isa = PBXBuildFile; fileRef = 90A47A6D19112E2600535504 /* Images.xcassets */; };
		90A47A7519112E2600535504 /* XCTest.framework in Frameworks */ = {isa = PBXBuildFile; fileRef = 90A47A7419112E2600535504 /* XCTest.framework */; };
		90A47A7619112E2600535504 /* Foundation.framework in Frameworks */ = {isa = PBXBuildFile; fileRef = 90A47A5B19112E2600535504 /* Foundation.framework */; };
		90A47A7719112E2600535504 /* UIKit.framework in Frameworks */ = {isa = PBXBuildFile; fileRef = 90A47A5F19112E2600535504 /* UIKit.framework */; };
		90A47A7F19112E2600535504 /* InfoPlist.strings in Resources */ = {isa = PBXBuildFile; fileRef = 90A47A7D19112E2600535504 /* InfoPlist.strings */; };
		90A47A8C19112E3C00535504 /* LUBObjectDescription.m in Sources */ = {isa = PBXBuildFile; fileRef = 90A47A8B19112E3C00535504 /* LUBObjectDescription.m */; };
		90A47A8E19112E5700535504 /* LUBObjectDescriptionTests.m in Sources */ = {isa = PBXBuildFile; fileRef = 90A47A8D19112E5700535504 /* LUBObjectDescriptionTests.m */; };
		90A47A9119112E7D00535504 /* LUBPerson.m in Sources */ = {isa = PBXBuildFile; fileRef = 90A47A9019112E7D00535504 /* LUBPerson.m */; };
/* End PBXBuildFile section */

/* Begin PBXContainerItemProxy section */
		90A47A7819112E2600535504 /* PBXContainerItemProxy */ = {
			isa = PBXContainerItemProxy;
			containerPortal = 90A47A5019112E2600535504 /* Project object */;
			proxyType = 1;
			remoteGlobalIDString = 90A47A5719112E2600535504;
			remoteInfo = ObjectDescriptionUtility;
		};
/* End PBXContainerItemProxy section */

/* Begin PBXFileReference section */
		90A47A5819112E2600535504 /* ObjectDescriptionUtility.app */ = {isa = PBXFileReference; explicitFileType = wrapper.application; includeInIndex = 0; path = ObjectDescriptionUtility.app; sourceTree = BUILT_PRODUCTS_DIR; };
		90A47A5B19112E2600535504 /* Foundation.framework */ = {isa = PBXFileReference; lastKnownFileType = wrapper.framework; name = Foundation.framework; path = System/Library/Frameworks/Foundation.framework; sourceTree = SDKROOT; };
		90A47A5D19112E2600535504 /* CoreGraphics.framework */ = {isa = PBXFileReference; lastKnownFileType = wrapper.framework; name = CoreGraphics.framework; path = System/Library/Frameworks/CoreGraphics.framework; sourceTree = SDKROOT; };
		90A47A5F19112E2600535504 /* UIKit.framework */ = {isa = PBXFileReference; lastKnownFileType = wrapper.framework; name = UIKit.framework; path = System/Library/Frameworks/UIKit.framework; sourceTree = SDKROOT; };
		90A47A6319112E2600535504 /* ObjectDescriptionUtility-Info.plist */ = {isa = PBXFileReference; lastKnownFileType = text.plist.xml; path = "ObjectDescriptionUtility-Info.plist"; sourceTree = "<group>"; };
		90A47A6519112E2600535504 /* en */ = {isa = PBXFileReference; lastKnownFileType = text.plist.strings; name = en; path = en.lproj/InfoPlist.strings; sourceTree = "<group>"; };
		90A47A6719112E2600535504 /* main.m */ = {isa = PBXFileReference; lastKnownFileType = sourcecode.c.objc; path = main.m; sourceTree = "<group>"; };
		90A47A6919112E2600535504 /* ObjectDescriptionUtility-Prefix.pch */ = {isa = PBXFileReference; lastKnownFileType = sourcecode.c.h; path = "ObjectDescriptionUtility-Prefix.pch"; sourceTree = "<group>"; };
		90A47A6A19112E2600535504 /* LUBAppDelegate.h */ = {isa = PBXFileReference; lastKnownFileType = sourcecode.c.h; path = LUBAppDelegate.h; sourceTree = "<group>"; };
		90A47A6B19112E2600535504 /* LUBAppDelegate.m */ = {isa = PBXFileReference; lastKnownFileType = sourcecode.c.objc; path = LUBAppDelegate.m; sourceTree = "<group>"; };
		90A47A6D19112E2600535504 /* Images.xcassets */ = {isa = PBXFileReference; lastKnownFileType = folder.assetcatalog; path = Images.xcassets; sourceTree = "<group>"; };
		90A47A7319112E2600535504 /* ObjectDescriptionUtilityTests.xctest */ = {isa = PBXFileReference; explicitFileType = wrapper.cfbundle; includeInIndex = 0; path = ObjectDescriptionUtilityTests.xctest; sourceTree = BUILT_PRODUCTS_DIR; };
		90A47A7419112E2600535504 /* XCTest.framework */ = {isa = PBXFileReference; lastKnownFileType = wrapper.framework; name = XCTest.framework; path = Library/Frameworks/XCTest.framework; sourceTree = DEVELOPER_DIR; };
		90A47A7C19112E2600535504 /* ObjectDescriptionUtilityTests-Info.plist */ = {isa = PBXFileReference; lastKnownFileType = text.plist.xml; path = "ObjectDescriptionUtilityTests-Info.plist"; sourceTree = "<group>"; };
		90A47A7E19112E2600535504 /* en */ = {isa = PBXFileReference; lastKnownFileType = text.plist.strings; name = en; path = en.lproj/InfoPlist.strings; sourceTree = "<group>"; };
		90A47A8A19112E3C00535504 /* LUBObjectDescription.h */ = {isa = PBXFileReference; fileEncoding = 4; lastKnownFileType = sourcecode.c.h; path = LUBObjectDescription.h; sourceTree = "<group>"; };
		90A47A8B19112E3C00535504 /* LUBObjectDescription.m */ = {isa = PBXFileReference; fileEncoding = 4; lastKnownFileType = sourcecode.c.objc; path = LUBObjectDescription.m; sourceTree = "<group>"; };
		90A47A8D19112E5700535504 /* LUBObjectDescriptionTests.m */ = {isa = PBXFileReference; fileEncoding = 4; lastKnownFileType = sourcecode.c.objc; path = LUBObjectDescriptionTests.m; sourceTree = "<group>"; };
		90A47A8F19112E7D00535504 /* LUBPerson.h */ = {isa = PBXFileReference; fileEncoding = 4; lastKnownFileType = sourcecode.c.h; path = LUBPerson.h; sourceTree = "<group>"; };
		90A47A9019112E7D00535504 /* LUBPerson.m */ = {isa = PBXFileReference; fileEncoding = 4; lastKnownFileType = sourcecode.c.objc; path = LUBPerson.m; sourceTree = "<group>"; };
/* End PBXFileReference section */

/* Begin PBXFrameworksBuildPhase section */
		90A47A5519112E2600535504 /* Frameworks */ = {
			isa = PBXFrameworksBuildPhase;
			buildActionMask = 2147483647;
			files = (
				90A47A5E19112E2600535504 /* CoreGraphics.framework in Frameworks */,
				90A47A6019112E2600535504 /* UIKit.framework in Frameworks */,
				90A47A5C19112E2600535504 /* Foundation.framework in Frameworks */,
			);
			runOnlyForDeploymentPostprocessing = 0;
		};
		90A47A7019112E2600535504 /* Frameworks */ = {
			isa = PBXFrameworksBuildPhase;
			buildActionMask = 2147483647;
			files = (
				90A47A7519112E2600535504 /* XCTest.framework in Frameworks */,
				90A47A7719112E2600535504 /* UIKit.framework in Frameworks */,
				90A47A7619112E2600535504 /* Foundation.framework in Frameworks */,
			);
			runOnlyForDeploymentPostprocessing = 0;
		};
/* End PBXFrameworksBuildPhase section */

/* Begin PBXGroup section */
		90A47A4F19112E2600535504 = {
			isa = PBXGroup;
			children = (
				90A47A6119112E2600535504 /* ObjectDescriptionUtility */,
				90A47A7A19112E2600535504 /* ObjectDescriptionUtilityTests */,
				90A47A5A19112E2600535504 /* Frameworks */,
				90A47A5919112E2600535504 /* Products */,
			);
			sourceTree = "<group>";
		};
		90A47A5919112E2600535504 /* Products */ = {
			isa = PBXGroup;
			children = (
				90A47A5819112E2600535504 /* ObjectDescriptionUtility.app */,
				90A47A7319112E2600535504 /* ObjectDescriptionUtilityTests.xctest */,
			);
			name = Products;
			sourceTree = "<group>";
		};
		90A47A5A19112E2600535504 /* Frameworks */ = {
			isa = PBXGroup;
			children = (
				90A47A5B19112E2600535504 /* Foundation.framework */,
				90A47A5D19112E2600535504 /* CoreGraphics.framework */,
				90A47A5F19112E2600535504 /* UIKit.framework */,
				90A47A7419112E2600535504 /* XCTest.framework */,
			);
			name = Frameworks;
			sourceTree = "<group>";
		};
		90A47A6119112E2600535504 /* ObjectDescriptionUtility */ = {
			isa = PBXGroup;
			children = (
				90A47A6A19112E2600535504 /* LUBAppDelegate.h */,
				90A47A6B19112E2600535504 /* LUBAppDelegate.m */,
				90A47A8F19112E7D00535504 /* LUBPerson.h */,
				90A47A9019112E7D00535504 /* LUBPerson.m */,
				90A47A8A19112E3C00535504 /* LUBObjectDescription.h */,
				90A47A8B19112E3C00535504 /* LUBObjectDescription.m */,
				90A47A6D19112E2600535504 /* Images.xcassets */,
				90A47A6219112E2600535504 /* Supporting Files */,
			);
			path = ObjectDescriptionUtility;
			sourceTree = "<group>";
		};
		90A47A6219112E2600535504 /* Supporting Files */ = {
			isa = PBXGroup;
			children = (
				90A47A6319112E2600535504 /* ObjectDescriptionUtility-Info.plist */,
				90A47A6419112E2600535504 /* InfoPlist.strings */,
				90A47A6719112E2600535504 /* main.m */,
				90A47A6919112E2600535504 /* ObjectDescriptionUtility-Prefix.pch */,
			);
			name = "Supporting Files";
			sourceTree = "<group>";
		};
		90A47A7A19112E2600535504 /* ObjectDescriptionUtilityTests */ = {
			isa = PBXGroup;
			children = (
				90A47A8D19112E5700535504 /* LUBObjectDescriptionTests.m */,
				90A47A7B19112E2600535504 /* Supporting Files */,
			);
			path = ObjectDescriptionUtilityTests;
			sourceTree = "<group>";
		};
		90A47A7B19112E2600535504 /* Supporting Files */ = {
			isa = PBXGroup;
			children = (
				90A47A7C19112E2600535504 /* ObjectDescriptionUtilityTests-Info.plist */,
				90A47A7D19112E2600535504 /* InfoPlist.strings */,
			);
			name = "Supporting Files";
			sourceTree = "<group>";
		};
/* End PBXGroup section */

/* Begin PBXNativeTarget section */
		90A47A5719112E2600535504 /* ObjectDescriptionUtility */ = {
			isa = PBXNativeTarget;
			buildConfigurationList = 90A47A8419112E2600535504 /* Build configuration list for PBXNativeTarget "ObjectDescriptionUtility" */;
			buildPhases = (
				90A47A5419112E2600535504 /* Sources */,
				90A47A5519112E2600535504 /* Frameworks */,
				90A47A5619112E2600535504 /* Resources */,
			);
			buildRules = (
			);
			dependencies = (
			);
			name = ObjectDescriptionUtility;
			productName = ObjectDescriptionUtility;
			productReference = 90A47A5819112E2600535504 /* ObjectDescriptionUtility.app */;
			productType = "com.apple.product-type.application";
		};
		90A47A7219112E2600535504 /* ObjectDescriptionUtilityTests */ = {
			isa = PBXNativeTarget;
			buildConfigurationList = 90A47A8719112E2600535504 /* Build configuration list for PBXNativeTarget "ObjectDescriptionUtilityTests" */;
			buildPhases = (
				90A47A6F19112E2600535504 /* Sources */,
				90A47A7019112E2600535504 /* Frameworks */,
				90A47A7119112E2600535504 /* Resources */,
			);
			buildRules = (
			);
			dependencies = (
				90A47A7919112E2600535504 /* PBXTargetDependency */,
			);
			name = ObjectDescriptionUtilityTests;
			productName = ObjectDescriptionUtilityTests;
			productReference = 90A47A7319112E2600535504 /* ObjectDescriptionUtilityTests.xctest */;
			productType = "com.apple.product-type.bundle.unit-test";
		};
/* End PBXNativeTarget section */

/* Begin PBXProject section */
		90A47A5019112E2600535504 /* Project object */ = {
			isa = PBXProject;
			attributes = {
				CLASSPREFIX = LUB;
				LastUpgradeCheck = 0510;
				ORGANIZATIONNAME = "Bryan Luby";
				TargetAttributes = {
					90A47A7219112E2600535504 = {
						TestTargetID = 90A47A5719112E2600535504;
					};
				};
			};
			buildConfigurationList = 90A47A5319112E2600535504 /* Build configuration list for PBXProject "ObjectDescriptionUtility" */;
			compatibilityVersion = "Xcode 3.2";
			developmentRegion = English;
			hasScannedForEncodings = 0;
			knownRegions = (
				en,
			);
			mainGroup = 90A47A4F19112E2600535504;
			productRefGroup = 90A47A5919112E2600535504 /* Products */;
			projectDirPath = "";
			projectRoot = "";
			targets = (
				90A47A5719112E2600535504 /* ObjectDescriptionUtility */,
				90A47A7219112E2600535504 /* ObjectDescriptionUtilityTests */,
			);
		};
/* End PBXProject section */

/* Begin PBXResourcesBuildPhase section */
		90A47A5619112E2600535504 /* Resources */ = {
			isa = PBXResourcesBuildPhase;
			buildActionMask = 2147483647;
			files = (
				90A47A6619112E2600535504 /* InfoPlist.strings in Resources */,
				90A47A6E19112E2600535504 /* Images.xcassets in Resources */,
			);
			runOnlyForDeploymentPostprocessing = 0;
		};
		90A47A7119112E2600535504 /* Resources */ = {
			isa = PBXResourcesBuildPhase;
			buildActionMask = 2147483647;
			files = (
				90A47A7F19112E2600535504 /* InfoPlist.strings in Resources */,
			);
			runOnlyForDeploymentPostprocessing = 0;
		};
/* End PBXResourcesBuildPhase section */

/* Begin PBXSourcesBuildPhase section */
		90A47A5419112E2600535504 /* Sources */ = {
			isa = PBXSourcesBuildPhase;
			buildActionMask = 2147483647;
			files = (
				90A47A9119112E7D00535504 /* LUBPerson.m in Sources */,
				90A47A6C19112E2600535504 /* LUBAppDelegate.m in Sources */,
				90A47A6819112E2600535504 /* main.m in Sources */,
				90A47A8C19112E3C00535504 /* LUBObjectDescription.m in Sources */,
			);
			runOnlyForDeploymentPostprocessing = 0;
		};
		90A47A6F19112E2600535504 /* Sources */ = {
			isa = PBXSourcesBuildPhase;
			buildActionMask = 2147483647;
			files = (
				90A47A8E19112E5700535504 /* LUBObjectDescriptionTests.m in Sources */,
			);
			runOnlyForDeploymentPostprocessing = 0;
		};
/* End PBXSourcesBuildPhase section */

/* Begin PBXTargetDependency section */
		90A47A7919112E2600535504 /* PBXTargetDependency */ = {
			isa = PBXTargetDependency;
			target = 90A47A5719112E2600535504 /* ObjectDescriptionUtility */;
			targetProxy = 90A47A7819112E2600535504 /* PBXContainerItemProxy */;
		};
/* End PBXTargetDependency section */

/* Begin PBXVariantGroup section */
		90A47A6419112E2600535504 /* InfoPlist.strings */ = {
			isa = PBXVariantGroup;
			children = (
				90A47A6519112E2600535504 /* en */,
			);
			name = InfoPlist.strings;
			sourceTree = "<group>";
		};
		90A47A7D19112E2600535504 /* InfoPlist.strings */ = {
			isa = PBXVariantGroup;
			children = (
				90A47A7E19112E2600535504 /* en */,
			);
			name = InfoPlist.strings;
			sourceTree = "<group>";
		};
/* End PBXVariantGroup section */

/* Begin XCBuildConfiguration section */
		90A47A8219112E2600535504 /* Debug */ = {
			isa = XCBuildConfiguration;
			buildSettings = {
				ALWAYS_SEARCH_USER_PATHS = NO;
				CLANG_CXX_LANGUAGE_STANDARD = "gnu++0x";
				CLANG_CXX_LIBRARY = "libc++";
				CLANG_ENABLE_MODULES = YES;
				CLANG_ENABLE_OBJC_ARC = YES;
				CLANG_WARN_BOOL_CONVERSION = YES;
				CLANG_WARN_CONSTANT_CONVERSION = YES;
				CLANG_WARN_DIRECT_OBJC_ISA_USAGE = YES_ERROR;
				CLANG_WARN_EMPTY_BODY = YES;
				CLANG_WARN_ENUM_CONVERSION = YES;
				CLANG_WARN_INT_CONVERSION = YES;
				CLANG_WARN_OBJC_ROOT_CLASS = YES_ERROR;
				CLANG_WARN__DUPLICATE_METHOD_MATCH = YES;
				"CODE_SIGN_IDENTITY[sdk=iphoneos*]" = "iPhone Developer";
				COPY_PHASE_STRIP = NO;
				GCC_C_LANGUAGE_STANDARD = gnu99;
				GCC_DYNAMIC_NO_PIC = NO;
				GCC_OPTIMIZATION_LEVEL = 0;
				GCC_PREPROCESSOR_DEFINITIONS = (
					"DEBUG=1",
					"$(inherited)",
				);
				GCC_SYMBOLS_PRIVATE_EXTERN = NO;
				GCC_WARN_64_TO_32_BIT_CONVERSION = YES;
				GCC_WARN_ABOUT_RETURN_TYPE = YES_ERROR;
				GCC_WARN_UNDECLARED_SELECTOR = YES;
				GCC_WARN_UNINITIALIZED_AUTOS = YES_AGGRESSIVE;
				GCC_WARN_UNUSED_FUNCTION = YES;
				GCC_WARN_UNUSED_VARIABLE = YES;
				IPHONEOS_DEPLOYMENT_TARGET = 7.1;
				ONLY_ACTIVE_ARCH = YES;
				SDKROOT = iphoneos;
			};
			name = Debug;
		};
		90A47A8319112E2600535504 /* Release */ = {
			isa = XCBuildConfiguration;
			buildSettings = {
				ALWAYS_SEARCH_USER_PATHS = NO;
				CLANG_CXX_LANGUAGE_STANDARD = "gnu++0x";
				CLANG_CXX_LIBRARY = "libc++";
				CLANG_ENABLE_MODULES = YES;
				CLANG_ENABLE_OBJC_ARC = YES;
				CLANG_WARN_BOOL_CONVERSION = YES;
				CLANG_WARN_CONSTANT_CONVERSION = YES;
				CLANG_WARN_DIRECT_OBJC_ISA_USAGE = YES_ERROR;
				CLANG_WARN_EMPTY_BODY = YES;
				CLANG_WARN_ENUM_CONVERSION = YES;
				CLANG_WARN_INT_CONVERSION = YES;
				CLANG_WARN_OBJC_ROOT_CLASS = YES_ERROR;
				CLANG_WARN__DUPLICATE_METHOD_MATCH = YES;
				"CODE_SIGN_IDENTITY[sdk=iphoneos*]" = "iPhone Developer";
				COPY_PHASE_STRIP = YES;
				ENABLE_NS_ASSERTIONS = NO;
				GCC_C_LANGUAGE_STANDARD = gnu99;
				GCC_WARN_64_TO_32_BIT_CONVERSION = YES;
				GCC_WARN_ABOUT_RETURN_TYPE = YES_ERROR;
				GCC_WARN_UNDECLARED_SELECTOR = YES;
				GCC_WARN_UNINITIALIZED_AUTOS = YES_AGGRESSIVE;
				GCC_WARN_UNUSED_FUNCTION = YES;
				GCC_WARN_UNUSED_VARIABLE = YES;
				IPHONEOS_DEPLOYMENT_TARGET = 7.1;
				SDKROOT = iphoneos;
				VALIDATE_PRODUCT = YES;
			};
			name = Release;
		};
		90A47A8519112E2600535504 /* Debug */ = {
			isa = XCBuildConfiguration;
			buildSettings = {
				ASSETCATALOG_COMPILER_APPICON_NAME = AppIcon;
				ASSETCATALOG_COMPILER_LAUNCHIMAGE_NAME = LaunchImage;
				GCC_PRECOMPILE_PREFIX_HEADER = YES;
				GCC_PREFIX_HEADER = "ObjectDescriptionUtility/ObjectDescriptionUtility-Prefix.pch";
				INFOPLIST_FILE = "ObjectDescriptionUtility/ObjectDescriptionUtility-Info.plist";
				PRODUCT_NAME = "$(TARGET_NAME)";
				WRAPPER_EXTENSION = app;
			};
			name = Debug;
		};
		90A47A8619112E2600535504 /* Release */ = {
			isa = XCBuildConfiguration;
			buildSettings = {
				ASSETCATALOG_COMPILER_APPICON_NAME = AppIcon;
				ASSETCATALOG_COMPILER_LAUNCHIMAGE_NAME = LaunchImage;
				GCC_PRECOMPILE_PREFIX_HEADER = YES;
				GCC_PREFIX_HEADER = "ObjectDescriptionUtility/ObjectDescriptionUtility-Prefix.pch";
				INFOPLIST_FILE = "ObjectDescriptionUtility/ObjectDescriptionUtility-Info.plist";
				PRODUCT_NAME = "$(TARGET_NAME)";
				WRAPPER_EXTENSION = app;
			};
			name = Release;
		};
		90A47A8819112E2600535504 /* Debug */ = {
			isa = XCBuildConfiguration;
			buildSettings = {
				BUNDLE_LOADER = "$(BUILT_PRODUCTS_DIR)/ObjectDescriptionUtility.app/ObjectDescriptionUtility";
				FRAMEWORK_SEARCH_PATHS = (
					"$(SDKROOT)/Developer/Library/Frameworks",
					"$(inherited)",
					"$(DEVELOPER_FRAMEWORKS_DIR)",
				);
				GCC_PRECOMPILE_PREFIX_HEADER = YES;
				GCC_PREFIX_HEADER = "ObjectDescriptionUtility/ObjectDescriptionUtility-Prefix.pch";
				GCC_PREPROCESSOR_DEFINITIONS = (
					"DEBUG=1",
					"$(inherited)",
				);
				INFOPLIST_FILE = "ObjectDescriptionUtilityTests/ObjectDescriptionUtilityTests-Info.plist";
				PRODUCT_NAME = "$(TARGET_NAME)";
				TEST_HOST = "$(BUNDLE_LOADER)";
				WRAPPER_EXTENSION = xctest;
			};
			name = Debug;
		};
		90A47A8919112E2600535504 /* Release */ = {
			isa = XCBuildConfiguration;
			buildSettings = {
				BUNDLE_LOADER = "$(BUILT_PRODUCTS_DIR)/ObjectDescriptionUtility.app/ObjectDescriptionUtility";
				FRAMEWORK_SEARCH_PATHS = (
					"$(SDKROOT)/Developer/Library/Frameworks",
					"$(inherited)",
					"$(DEVELOPER_FRAMEWORKS_DIR)",
				);
				GCC_PRECOMPILE_PREFIX_HEADER = YES;
				GCC_PREFIX_HEADER = "ObjectDescriptionUtility/ObjectDescriptionUtility-Prefix.pch";
				INFOPLIST_FILE = "ObjectDescriptionUtilityTests/ObjectDescriptionUtilityTests-Info.plist";
				PRODUCT_NAME = "$(TARGET_NAME)";
				TEST_HOST = "$(BUNDLE_LOADER)";
				WRAPPER_EXTENSION = xctest;
			};
			name = Release;
		};
/* End XCBuildConfiguration section */

/* Begin XCConfigurationList section */
		90A47A5319112E2600535504 /* Build configuration list for PBXProject "ObjectDescriptionUtility" */ = {
			isa = XCConfigurationList;
			buildConfigurations = (
				90A47A8219112E2600535504 /* Debug */,
				90A47A8319112E2600535504 /* Release */,
			);
			defaultConfigurationIsVisible = 0;
			defaultConfigurationName = Release;
		};
		90A47A8419112E2600535504 /* Build configuration list for PBXNativeTarget "ObjectDescriptionUtility" */ = {
			isa = XCConfigurationList;
			buildConfigurations = (
				90A47A8519112E2600535504 /* Debug */,
				90A47A8619112E2600535504 /* Release */,
			);
			defaultConfigurationIsVisible = 0;
			defaultConfigurationName = Release;
		};
		90A47A8719112E2600535504 /* Build configuration list for PBXNativeTarget "ObjectDescriptionUtilityTests" */ = {
			isa = XCConfigurationList;
			buildConfigurations = (
				90A47A8819112E2600535504 /* Debug */,
				90A47A8919112E2600535504 /* Release */,
			);
			defaultConfigurationIsVisible = 0;
			defaultConfigurationName = Release;
		};
/* End XCConfigurationList section */
	};
	rootObject = 90A47A5019112E2600535504 /* Project object */;
}
